// !$*UTF8*$!
{
	archiveVersion = 1;
	classes = {
	};
	objectVersion = 56;
	objects = {

/* Begin PBXBuildFile section */
		1A0000010000000000000001 /* AlarmService.swift in Sources */ = {isa = PBXBuildFile; fileRef = 1A0000020000000000000001 /* AlarmService.swift */; };
		1A0000010000000000000002 /* TimerEngine.swift in Sources */ = {isa = PBXBuildFile; fileRef = 1A0000020000000000000002 /* TimerEngine.swift */; };
		1A0000010000000000000003 /* TimerViewModel.swift in Sources */ = {isa = PBXBuildFile; fileRef = 1A0000020000000000000003 /* TimerViewModel.swift */; };
		1A0000010000000000000004 /* SneakyTimerApp.swift in Sources */ = {isa = PBXBuildFile; fileRef = 1A0000020000000000000004 /* SneakyTimerApp.swift */; };
		1A0000010000000000000005 /* TimerView.swift in Sources */ = {isa = PBXBuildFile; fileRef = 1A0000020000000000000005 /* TimerView.swift */; };
		1A0000010000000000000006 /* CircularTimerView.swift in Sources */ = {isa = PBXBuildFile; fileRef = 1A0000020000000000000006 /* CircularTimerView.swift */; };
		1A0000010000000000000007 /* DurationEntryView.swift in Sources */ = {isa = PBXBuildFile; fileRef = 1A0000020000000000000007 /* DurationEntryView.swift */; };
		1A0000010000000000000008 /* TimerEngineTests.swift in Sources */ = {isa = PBXBuildFile; fileRef = 1A0000020000000000000008 /* TimerEngineTests.swift */; };
		1A0000010000000000000009 /* Assets.xcassets in Resources */ = {isa = PBXBuildFile; fileRef = 1A0000020000000000000009 /* Assets.xcassets */; };
		1A0000010000000000000010 /* TimerCompletionNotifier.swift in Sources */ = {isa = PBXBuildFile; fileRef = 1A0000020000000000000010 /* TimerCompletionNotifier.swift */; };
/* End PBXBuildFile section */

/* Begin PBXContainerItemProxy section */
		1A0000030000000000000001 /* PBXContainerItemProxy */ = {
			isa = PBXContainerItemProxy;
			containerPortal = 1A0000040000000000000001 /* Project object */;
			proxyType = 1;
			remoteGlobalIDString = 1A0000050000000000000001;
			remoteInfo = SneakyTimer;
		};
/* End PBXContainerItemProxy section */

/* Begin PBXFileReference section */
		1A0000020000000000000001 /* AlarmService.swift */ = {isa = PBXFileReference; lastKnownFileType = sourcecode.swift; path = AlarmService.swift; sourceTree = "<group>"; };
		1A0000020000000000000002 /* TimerEngine.swift */ = {isa = PBXFileReference; lastKnownFileType = sourcecode.swift; path = TimerEngine.swift; sourceTree = "<group>"; };
		1A0000020000000000000003 /* TimerViewModel.swift */ = {isa = PBXFileReference; lastKnownFileType = sourcecode.swift; path = TimerViewModel.swift; sourceTree = "<group>"; };
		1A0000020000000000000004 /* SneakyTimerApp.swift */ = {isa = PBXFileReference; lastKnownFileType = sourcecode.swift; path = SneakyTimerApp.swift; sourceTree = "<group>"; };
		1A0000020000000000000005 /* TimerView.swift */ = {isa = PBXFileReference; lastKnownFileType = sourcecode.swift; path = TimerView.swift; sourceTree = "<group>"; };
		1A0000020000000000000006 /* CircularTimerView.swift */ = {isa = PBXFileReference; lastKnownFileType = sourcecode.swift; path = CircularTimerView.swift; sourceTree = "<group>"; };
		1A0000020000000000000007 /* DurationEntryView.swift */ = {isa = PBXFileReference; lastKnownFileType = sourcecode.swift; path = DurationEntryView.swift; sourceTree = "<group>"; };
		1A0000020000000000000008 /* TimerEngineTests.swift */ = {isa = PBXFileReference; lastKnownFileType = sourcecode.swift; path = TimerEngineTests.swift; sourceTree = "<group>"; };
		1A0000020000000000000009 /* Assets.xcassets */ = {isa = PBXFileReference; lastKnownFileType = folder.assetcatalog; path = Assets.xcassets; sourceTree = "<group>"; };
		1A0000020000000000000010 /* TimerCompletionNotifier.swift */ = {isa = PBXFileReference; lastKnownFileType = sourcecode.swift; path = TimerCompletionNotifier.swift; sourceTree = "<group>"; };
		1A0000020000000000000011 /* Signing.xcconfig */ = {isa = PBXFileReference; lastKnownFileType = text.xcconfig; path = Config/Signing.xcconfig; sourceTree = "<group>"; };
		1A0000060000000000000001 /* SneakyTimer.app */ = {isa = PBXFileReference; explicitFileType = wrapper.application; includeInIndex = 0; path = SneakyTimer.app; sourceTree = BUILT_PRODUCTS_DIR; };
		1A0000060000000000000002 /* SneakyTimerTests.xctest */ = {isa = PBXFileReference; explicitFileType = wrapper.cfbundle; includeInIndex = 0; path = SneakyTimerTests.xctest; sourceTree = BUILT_PRODUCTS_DIR; };
/* End PBXFileReference section */

/* Begin PBXFrameworksBuildPhase section */
		1A0000070000000000000001 /* Frameworks */ = {
			isa = PBXFrameworksBuildPhase;
			buildActionMask = 2147483647;
			files = (
			);
			runOnlyForDeploymentPostprocessing = 0;
		};
		1A0000070000000000000002 /* Frameworks */ = {
			isa = PBXFrameworksBuildPhase;
			buildActionMask = 2147483647;
			files = (
			);
			runOnlyForDeploymentPostprocessing = 0;
		};
/* End PBXFrameworksBuildPhase section */

/* Begin PBXGroup section */
		1A0000080000000000000001 = {
			isa = PBXGroup;
			children = (
				1A0000020000000000000011 /* Signing.xcconfig */,
				1A0000080000000000000002 /* SneakyTimer */,
				1A0000080000000000000003 /* SneakyTimerTests */,
				1A0000080000000000000004 /* Products */,
			);
			sourceTree = "<group>";
		};
		1A0000080000000000000002 /* SneakyTimer */ = {
			isa = PBXGroup;
			children = (
				1A0000020000000000000001 /* AlarmService.swift */,
				1A0000020000000000000002 /* TimerEngine.swift */,
				1A0000020000000000000003 /* TimerViewModel.swift */,
				1A0000020000000000000004 /* SneakyTimerApp.swift */,
				1A0000020000000000000005 /* TimerView.swift */,
				1A0000020000000000000006 /* CircularTimerView.swift */,
				1A0000020000000000000007 /* DurationEntryView.swift */,
				1A0000020000000000000009 /* Assets.xcassets */,
				1A0000020000000000000010 /* TimerCompletionNotifier.swift */,
			);
			path = SneakyTimer;
			sourceTree = "<group>";
		};
		1A0000080000000000000003 /* SneakyTimerTests */ = {
			isa = PBXGroup;
			children = (
				1A0000020000000000000008 /* TimerEngineTests.swift */,
			);
			path = SneakyTimerTests;
			sourceTree = "<group>";
		};
		1A0000080000000000000004 /* Products */ = {
			isa = PBXGroup;
			children = (
				1A0000060000000000000001 /* SneakyTimer.app */,
				1A0000060000000000000002 /* SneakyTimerTests.xctest */,
			);
			name = Products;
			sourceTree = "<group>";
		};
/* End PBXGroup section */

/* Begin PBXNativeTarget section */
		1A0000050000000000000001 /* SneakyTimer */ = {
			isa = PBXNativeTarget;
			buildConfigurationList = 1A0000090000000000000002 /* Build configuration list for PBXNativeTarget "SneakyTimer" */;
			buildPhases = (
				1A00000A0000000000000001 /* Sources */,
				1A0000070000000000000001 /* Frameworks */,
				1A00000B0000000000000001 /* Resources */,
			);
			buildRules = (
			);
			dependencies = (
			);
			name = SneakyTimer;
			productName = SneakyTimer;
			productReference = 1A0000060000000000000001 /* SneakyTimer.app */;
			productType = "com.apple.product-type.application";
		};
		1A0000050000000000000002 /* SneakyTimerTests */ = {
			isa = PBXNativeTarget;
			buildConfigurationList = 1A0000090000000000000003 /* Build configuration list for PBXNativeTarget "SneakyTimerTests" */;
			buildPhases = (
				1A00000A0000000000000002 /* Sources */,
				1A0000070000000000000002 /* Frameworks */,
				1A00000B0000000000000002 /* Resources */,
			);
			buildRules = (
			);
			dependencies = (
				1A00000C0000000000000001 /* PBXTargetDependency */,
			);
			name = SneakyTimerTests;
			productName = SneakyTimerTests;
			productReference = 1A0000060000000000000002 /* SneakyTimerTests.xctest */;
			productType = "com.apple.product-type.bundle.unit-test";
		};
/* End PBXNativeTarget section */

/* Begin PBXProject section */
		1A0000040000000000000001 /* Project object */ = {
			isa = PBXProject;
			attributes = {
				BuildIndependentTargetsInParallel = 1;
				LastSwiftUpdateCheck = 2650;
				LastUpgradeCheck = 2650;
				TargetAttributes = {
					1A0000050000000000000001 = {
						CreatedOnToolsVersion = 26.5;
					};
					1A0000050000000000000002 = {
						CreatedOnToolsVersion = 26.5;
						TestTargetID = 1A0000050000000000000001;
					};
				};
			};
			buildConfigurationList = 1A0000090000000000000001 /* Build configuration list for PBXProject "SneakyTimer" */;
			compatibilityVersion = "Xcode 14.0";
			developmentRegion = en;
			hasScannedForEncodings = 0;
			knownRegions = (
				en,
				Base,
			);
			mainGroup = 1A0000080000000000000001;
			productRefGroup = 1A0000080000000000000004 /* Products */;
			projectDirPath = "";
			projectRoot = "";
			targets = (
				1A0000050000000000000001 /* SneakyTimer */,
				1A0000050000000000000002 /* SneakyTimerTests */,
			);
		};
/* End PBXProject section */

/* Begin PBXResourcesBuildPhase section */
		1A00000B0000000000000001 /* Resources */ = {
			isa = PBXResourcesBuildPhase;
			buildActionMask = 2147483647;
			files = (
				1A0000010000000000000009 /* Assets.xcassets in Resources */,
			);
			runOnlyForDeploymentPostprocessing = 0;
		};
		1A00000B0000000000000002 /* Resources */ = {
			isa = PBXResourcesBuildPhase;
			buildActionMask = 2147483647;
			files = (
			);
			runOnlyForDeploymentPostprocessing = 0;
		};
/* End PBXResourcesBuildPhase section */

/* Begin PBXSourcesBuildPhase section */
		1A00000A0000000000000001 /* Sources */ = {
			isa = PBXSourcesBuildPhase;
			buildActionMask = 2147483647;
			files = (
				1A0000010000000000000001 /* AlarmService.swift in Sources */,
				1A0000010000000000000002 /* TimerEngine.swift in Sources */,
				1A0000010000000000000003 /* TimerViewModel.swift in Sources */,
				1A0000010000000000000004 /* SneakyTimerApp.swift in Sources */,
				1A0000010000000000000005 /* TimerView.swift in Sources */,
				1A0000010000000000000006 /* CircularTimerView.swift in Sources */,
				1A0000010000000000000007 /* DurationEntryView.swift in Sources */,
				1A0000010000000000000010 /* TimerCompletionNotifier.swift in Sources */,
			);
			runOnlyForDeploymentPostprocessing = 0;
		};
		1A00000A0000000000000002 /* Sources */ = {
			isa = PBXSourcesBuildPhase;
			buildActionMask = 2147483647;
			files = (
				1A0000010000000000000008 /* TimerEngineTests.swift in Sources */,
			);
			runOnlyForDeploymentPostprocessing = 0;
		};
/* End PBXSourcesBuildPhase section */

/* Begin PBXTargetDependency section */
		1A00000C0000000000000001 /* PBXTargetDependency */ = {
			isa = PBXTargetDependency;
			target = 1A0000050000000000000001 /* SneakyTimer */;
			targetProxy = 1A0000030000000000000001 /* PBXContainerItemProxy */;
		};
/* End PBXTargetDependency section */

/* Begin XCBuildConfiguration section */
		1A00000D0000000000000001 /* Debug */ = {
			isa = XCBuildConfiguration;
			buildSettings = {
				ALWAYS_SEARCH_USER_PATHS = NO;
				ASSETCATALOG_COMPILER_GENERATE_SWIFT_ASSET_SYMBOL_EXTENSIONS = YES;
				CLANG_ANALYZER_NONNULL = YES;
				CLANG_ANALYZER_NUMBER_OBJECT_CONVERSION = YES_AGGRESSIVE;
				CLANG_CXX_LANGUAGE_STANDARD = "gnu++20";
				CLANG_ENABLE_MODULES = YES;
				CLANG_ENABLE_OBJC_ARC = YES;
				CLANG_ENABLE_OBJC_WEAK = YES;
				CLANG_WARN_BLOCK_CAPTURE_AUTORELEASING = YES;
				CLANG_WARN_BOOL_CONVERSION = YES;
				CLANG_WARN_COMMA = YES;
				CLANG_WARN_CONSTANT_CONVERSION = YES;
				CLANG_WARN_DEPRECATED_OBJC_IMPLEMENTATIONS = YES;
				CLANG_WARN_DIRECT_OBJC_ISA_USAGE = YES_ERROR;
				CLANG_WARN_DOCUMENTATION_COMMENTS = YES;
				CLANG_WARN_EMPTY_BODY = YES;
				CLANG_WARN_ENUM_CONVERSION = YES;
				CLANG_WARN_INFINITE_RECURSION = YES;
				CLANG_WARN_INT_CONVERSION = YES;
				CLANG_WARN_NON_LITERAL_NULL_CONVERSION = YES;
				CLANG_WARN_OBJC_IMPLICIT_RETAIN_SELF = YES;
				CLANG_WARN_OBJC_LITERAL_CONVERSION = YES;
				CLANG_WARN_OBJC_ROOT_CLASS = YES_ERROR;
				CLANG_WARN_QUOTED_INCLUDE_IN_FRAMEWORK_HEADER = YES;
				CLANG_WARN_RANGE_LOOP_ANALYSIS = YES;
				CLANG_WARN_STRICT_PROTOTYPES = YES;
				CLANG_WARN_SUSPICIOUS_MOVE = YES;
				CLANG_WARN_UNGUARDED_AVAILABILITY = YES_AGGRESSIVE;
				CLANG_WARN_UNREACHABLE_CODE = YES;
				CLANG_WARN__DUPLICATE_METHOD_MATCH = YES;
				COPY_PHASE_STRIP = NO;
				DEBUG_INFORMATION_FORMAT = dwarf;
				ENABLE_STRICT_OBJC_MSGSEND = YES;
				ENABLE_TESTABILITY = YES;
				ENABLE_USER_SCRIPT_SANDBOXING = YES;
				GCC_C_LANGUAGE_STANDARD = gnu17;
				GCC_DYNAMIC_NO_PIC = NO;
				GCC_NO_COMMON_BLOCKS = YES;
				GCC_OPTIMIZATION_LEVEL = 0;
				GCC_PREPROCESSOR_DEFINITIONS = (
					"DEBUG=1",
					"$(inherited)",
				);
				GCC_WARN_64_TO_32_BIT_CONVERSION = YES;
				GCC_WARN_ABOUT_RETURN_TYPE = YES_ERROR;
				GCC_WARN_UNDECLARED_SELECTOR = YES;
				GCC_WARN_UNINITIALIZED_AUTOS = YES_AGGRESSIVE;
				GCC_WARN_UNUSED_FUNCTION = YES;
				GCC_WARN_UNUSED_VARIABLE = YES;
				IPHONEOS_DEPLOYMENT_TARGET = 17.0;
				LOCALIZATION_PREFERS_STRING_CATALOGS = YES;
				MTL_ENABLE_DEBUG_INFO = INCLUDE_SOURCE;
				MTL_FAST_MATH = YES;
				ONLY_ACTIVE_ARCH = YES;
				SDKROOT = iphoneos;
				SWIFT_ACTIVE_COMPILATION_CONDITIONS = "DEBUG $(inherited)";
				SWIFT_OPTIMIZATION_LEVEL = "-Onone";
			};
			name = Debug;
		};
		1A00000D0000000000000002 /* Release */ = {
			isa = XCBuildConfiguration;
			buildSettings = {
				ALWAYS_SEARCH_USER_PATHS = NO;
				ASSETCATALOG_COMPILER_GENERATE_SWIFT_ASSET_SYMBOL_EXTENSIONS = YES;
				CLANG_ANALYZER_NONNULL = YES;
				CLANG_ANALYZER_NUMBER_OBJECT_CONVERSION = YES_AGGRESSIVE;
				CLANG_CXX_LANGUAGE_STANDARD = "gnu++20";
				CLANG_ENABLE_MODULES = YES;
				CLANG_ENABLE_OBJC_ARC = YES;
				CLANG_ENABLE_OBJC_WEAK = YES;
				CLANG_WARN_BLOCK_CAPTURE_AUTORELEASING = YES;
				CLANG_WARN_BOOL_CONVERSION = YES;
				CLANG_WARN_COMMA = YES;
				CLANG_WARN_CONSTANT_CONVERSION = YES;
				CLANG_WARN_DEPRECATED_OBJC_IMPLEMENTATIONS = YES;
				CLANG_WARN_DIRECT_OBJC_ISA_USAGE = YES_ERROR;
				CLANG_WARN_DOCUMENTATION_COMMENTS = YES;
				CLANG_WARN_EMPTY_BODY = YES;
				CLANG_WARN_ENUM_CONVERSION = YES;
				CLANG_WARN_INFINITE_RECURSION = YES;
				CLANG_WARN_INT_CONVERSION = YES;
				CLANG_WARN_NON_LITERAL_NULL_CONVERSION = YES;
				CLANG_WARN_OBJC_IMPLICIT_RETAIN_SELF = YES;
				CLANG_WARN_OBJC_LITERAL_CONVERSION = YES;
				CLANG_WARN_OBJC_ROOT_CLASS = YES_ERROR;
				CLANG_WARN_QUOTED_INCLUDE_IN_FRAMEWORK_HEADER = YES;
				CLANG_WARN_RANGE_LOOP_ANALYSIS = YES;
				CLANG_WARN_STRICT_PROTOTYPES = YES;
				CLANG_WARN_SUSPICIOUS_MOVE = YES;
				CLANG_WARN_UNGUARDED_AVAILABILITY = YES_AGGRESSIVE;
				CLANG_WARN_UNREACHABLE_CODE = YES;
				CLANG_WARN__DUPLICATE_METHOD_MATCH = YES;
				COPY_PHASE_STRIP = NO;
				DEBUG_INFORMATION_FORMAT = "dwarf-with-dsym";
				ENABLE_NS_ASSERTIONS = NO;
				ENABLE_STRICT_OBJC_MSGSEND = YES;
				ENABLE_USER_SCRIPT_SANDBOXING = YES;
				GCC_C_LANGUAGE_STANDARD = gnu17;
				GCC_NO_COMMON_BLOCKS = YES;
				GCC_WARN_64_TO_32_BIT_CONVERSION = YES;
				GCC_WARN_ABOUT_RETURN_TYPE = YES_ERROR;
				GCC_WARN_UNDECLARED_SELECTOR = YES;
				GCC_WARN_UNINITIALIZED_AUTOS = YES_AGGRESSIVE;
				GCC_WARN_UNUSED_FUNCTION = YES;
				GCC_WARN_UNUSED_VARIABLE = YES;
				IPHONEOS_DEPLOYMENT_TARGET = 17.0;
				LOCALIZATION_PREFERS_STRING_CATALOGS = YES;
				MTL_ENABLE_DEBUG_INFO = NO;
				MTL_FAST_MATH = YES;
				SDKROOT = iphoneos;
				SWIFT_COMPILATION_MODE = wholemodule;
				VALIDATE_PRODUCT = YES;
			};
			name = Release;
		};
		1A00000D0000000000000003 /* Debug */ = {
			isa = XCBuildConfiguration;
			baseConfigurationReference = 1A0000020000000000000011 /* Signing.xcconfig */;
			buildSettings = {
				ASSETCATALOG_COMPILER_APPICON_NAME = AppIcon;
				CODE_SIGN_STYLE = Automatic;
				CURRENT_PROJECT_VERSION = 1;
				DEVELOPMENT_TEAM = "$(SNEAKY_TIMER_DEVELOPMENT_TEAM)";
				ENABLE_PREVIEWS = YES;
				GENERATE_INFOPLIST_FILE = YES;
				INFOPLIST_KEY_CFBundleDisplayName = SneakyTimer;
				INFOPLIST_KEY_LSApplicationCategoryType = "public.app-category.utilities";
				INFOPLIST_KEY_UIApplicationSceneManifest_Generation = YES;
				INFOPLIST_KEY_UIApplicationSupportsIndirectInputEvents = YES;
				INFOPLIST_KEY_UILaunchScreen_Generation = YES;
				INFOPLIST_KEY_UISupportedInterfaceOrientations_iPhone = UIInterfaceOrientationPortrait;
				IPHONEOS_DEPLOYMENT_TARGET = 17.0;
				LD_RUNPATH_SEARCH_PATHS = (
					"$(inherited)",
					"@executable_path/Frameworks",
				);
				MARKETING_VERSION = 1.0;
				PRODUCT_BUNDLE_IDENTIFIER = "$(SNEAKY_TIMER_BUNDLE_IDENTIFIER)";
				PRODUCT_NAME = "$(TARGET_NAME)";
				SUPPORTED_PLATFORMS = "iphoneos iphonesimulator";
				SUPPORTS_MACCATALYST = NO;
				SUPPORTS_MAC_DESIGNED_FOR_IPHONE_IPAD = NO;
				SWIFT_EMIT_LOC_STRINGS = YES;
				SWIFT_VERSION = 5.0;
				TARGETED_DEVICE_FAMILY = 1;
			};
			name = Debug;
		};
		1A00000D0000000000000004 /* Release */ = {
			isa = XCBuildConfiguration;
			baseConfigurationReference = 1A0000020000000000000011 /* Signing.xcconfig */;
			buildSettings = {
				ASSETCATALOG_COMPILER_APPICON_NAME = AppIcon;
				CODE_SIGN_STYLE = Automatic;
				CURRENT_PROJECT_VERSION = 1;
				DEVELOPMENT_TEAM = "$(SNEAKY_TIMER_DEVELOPMENT_TEAM)";
				ENABLE_PREVIEWS = YES;
				GENERATE_INFOPLIST_FILE = YES;
				INFOPLIST_KEY_CFBundleDisplayName = SneakyTimer;
				INFOPLIST_KEY_LSApplicationCategoryType = "public.app-category.utilities";
				INFOPLIST_KEY_UIApplicationSceneManifest_Generation = YES;
				INFOPLIST_KEY_UIApplicationSupportsIndirectInputEvents = YES;
				INFOPLIST_KEY_UILaunchScreen_Generation = YES;
				INFOPLIST_KEY_UISupportedInterfaceOrientations_iPhone = UIInterfaceOrientationPortrait;
				IPHONEOS_DEPLOYMENT_TARGET = 17.0;
				LD_RUNPATH_SEARCH_PATHS = (
					"$(inherited)",
					"@executable_path/Frameworks",
				);
				MARKETING_VERSION = 1.0;
				PRODUCT_BUNDLE_IDENTIFIER = "$(SNEAKY_TIMER_BUNDLE_IDENTIFIER)";
				PRODUCT_NAME = "$(TARGET_NAME)";
				SUPPORTED_PLATFORMS = "iphoneos iphonesimulator";
				SUPPORTS_MACCATALYST = NO;
				SUPPORTS_MAC_DESIGNED_FOR_IPHONE_IPAD = NO;
				SWIFT_EMIT_LOC_STRINGS = YES;
				SWIFT_VERSION = 5.0;
				TARGETED_DEVICE_FAMILY = 1;
			};
			name = Release;
		};
		1A00000D0000000000000005 /* Debug */ = {
			isa = XCBuildConfiguration;
			baseConfigurationReference = 1A0000020000000000000011 /* Signing.xcconfig */;
			buildSettings = {
				BUNDLE_LOADER = "$(TEST_HOST)";
				CODE_SIGN_STYLE = Automatic;
				CURRENT_PROJECT_VERSION = 1;
				DEVELOPMENT_TEAM = "$(SNEAKY_TIMER_DEVELOPMENT_TEAM)";
				GENERATE_INFOPLIST_FILE = YES;
				IPHONEOS_DEPLOYMENT_TARGET = 17.0;
				LD_RUNPATH_SEARCH_PATHS = (
					"$(inherited)",
					"@executable_path/Frameworks",
					"@loader_path/Frameworks",
				);
				MARKETING_VERSION = 1.0;
				PRODUCT_BUNDLE_IDENTIFIER = "$(SNEAKY_TIMER_TEST_BUNDLE_IDENTIFIER)";
				PRODUCT_NAME = "$(TARGET_NAME)";
				SUPPORTED_PLATFORMS = "iphoneos iphonesimulator";
				SWIFT_EMIT_LOC_STRINGS = NO;
				SWIFT_VERSION = 5.0;
				TARGETED_DEVICE_FAMILY = 1;
				TEST_HOST = "$(BUILT_PRODUCTS_DIR)/SneakyTimer.app/$(BUNDLE_EXECUTABLE_FOLDER_PATH)/SneakyTimer";
			};
			name = Debug;
		};
		1A00000D0000000000000006 /* Release */ = {
			isa = XCBuildConfiguration;
			baseConfigurationReference = 1A0000020000000000000011 /* Signing.xcconfig */;
			buildSettings = {
				BUNDLE_LOADER = "$(TEST_HOST)";
				CODE_SIGN_STYLE = Automatic;
				CURRENT_PROJECT_VERSION = 1;
				DEVELOPMENT_TEAM = "$(SNEAKY_TIMER_DEVELOPMENT_TEAM)";
				GENERATE_INFOPLIST_FILE = YES;
				IPHONEOS_DEPLOYMENT_TARGET = 17.0;
				LD_RUNPATH_SEARCH_PATHS = (
					"$(inherited)",
					"@executable_path/Frameworks",
					"@loader_path/Frameworks",
				);
				MARKETING_VERSION = 1.0;
				PRODUCT_BUNDLE_IDENTIFIER = "$(SNEAKY_TIMER_TEST_BUNDLE_IDENTIFIER)";
				PRODUCT_NAME = "$(TARGET_NAME)";
				SUPPORTED_PLATFORMS = "iphoneos iphonesimulator";
				SWIFT_EMIT_LOC_STRINGS = NO;
				SWIFT_VERSION = 5.0;
				TARGETED_DEVICE_FAMILY = 1;
				TEST_HOST = "$(BUILT_PRODUCTS_DIR)/SneakyTimer.app/$(BUNDLE_EXECUTABLE_FOLDER_PATH)/SneakyTimer";
			};
			name = Release;
		};
/* End XCBuildConfiguration section */

/* Begin XCConfigurationList section */
		1A0000090000000000000001 /* Build configuration list for PBXProject "SneakyTimer" */ = {
			isa = XCConfigurationList;
			buildConfigurations = (
				1A00000D0000000000000001 /* Debug */,
				1A00000D0000000000000002 /* Release */,
			);
			defaultConfigurationIsVisible = 0;
			defaultConfigurationName = Release;
		};
		1A0000090000000000000002 /* Build configuration list for PBXNativeTarget "SneakyTimer" */ = {
			isa = XCConfigurationList;
			buildConfigurations = (
				1A00000D0000000000000003 /* Debug */,
				1A00000D0000000000000004 /* Release */,
			);
			defaultConfigurationIsVisible = 0;
			defaultConfigurationName = Release;
		};
		1A0000090000000000000003 /* Build configuration list for PBXNativeTarget "SneakyTimerTests" */ = {
			isa = XCConfigurationList;
			buildConfigurations = (
				1A00000D0000000000000005 /* Debug */,
				1A00000D0000000000000006 /* Release */,
			);
			defaultConfigurationIsVisible = 0;
			defaultConfigurationName = Release;
		};
/* End XCConfigurationList section */
	};
	rootObject = 1A0000040000000000000001 /* Project object */;
}
